
Microsoft Visual Studio Solution File, Format Version 12.00
# Visual Studio Version 16
VisualStudioVersion = 16.0.29424.173
MinimumVisualStudioVersion = 10.0.40219.1
Project("{8BC9CEB8-8B4A-11D0-8D11-00A0C91BC942}") = "6.33", "6.33\6.33.vcxproj", "{29B82C74-60DC-48BA-BA8F-B1D3375F796C}"
EndProject
Global
	GlobalSection(SolutionConfigurationPlatforms) = preSolution
		Debug|x64 = Debug|x64
		Debug|x86 = Debug|x86
		Release|x64 = Release|x64
		Release|x86 = Release|x86
	EndGlobalSection
	GlobalSection(ProjectConfigurationPlatforms) = postSolution
		{29B82C74-60DC-48BA-BA8F-B1D3375F796C}.Debug|x64.ActiveCfg = Debug|x64
		{29B82C74-60DC-48BA-BA8F-B1D3375F796C}.Debug|x64.Build.0 = Debug|x64
		{29B82C74-60DC-48BA-BA8F-B1D3375F796C}.Debug|x86.ActiveCfg = Debug|Win32
		{29B82C74-60DC-48BA-BA8F-B1D3375F796C}.Debug|x86.Build.0 = Debug|Win32
		{29B82C74-60DC-48BA-BA8F-B1D3375F796C}.Release|x64.ActiveCfg = Release|x64
		{29B82C74-60DC-48BA-BA8F-B1D3375F796C}.Release|x64.Build.0 = Release|x64
		{29B82C74-60DC-48BA-BA8F-B1D3375F796C}.Release|x86.ActiveCfg = Release|Win32
		{29B82C74-60DC-48BA-BA8F-B1D3375F796C}.Release|x86.Build.0 = Release|Win32
	EndGlobalSection
	GlobalSection(SolutionProperties) = preSolution
		HideSolutionNode = FALSE
	EndGlobalSection
	GlobalSection(ExtensibilityGlobals) = postSolution
		SolutionGuid = {F6AE0989-C845-4088-9B53-5FEF1AEBC5FE}
	EndGlobalSection
EndGlobal
